
Microsoft Visual Studio Solution File, Format Version 12.00
# Visual Studio Version 17
VisualStudioVersion = 17.1.32421.90
MinimumVisualStudioVersion = 10.0.40219.1
Project("{9A19103F-16F7-4668-BE54-9A1E7A4F7556}") = "Pargoon.Utility", "src\Pargoon.Utility\Pargoon.Utility.csproj", "{7CED43A1-BC4D-48BC-9D16-B00B33081199}"
EndProject
Project("{9A19103F-16F7-4668-BE54-9A1E7A4F7556}") = "Pargoon.PersianNumber", "src\Pargoon.PersianNumber\Pargoon.PersianNumber.csproj", "{FE6F1CB4-F1D2-49D7-9F40-4AA496819D05}"
EndProject
Project("{9A19103F-16F7-4668-BE54-9A1E7A4F7556}") = "Pargoon.PersianDateUtility", "src\Pargoon.PersianDateUtility\Pargoon.PersianDateUtility.csproj", "{9C77ED2E-F6E6-450C-A342-432F0C39A338}"
EndProject
Project("{9A19103F-16F7-4668-BE54-9A1E7A4F7556}") = "Pargoon.TagHelpers", "src\Pargoon.TagHelpers\Pargoon.TagHelpers.csproj", "{AA880CB9-8D5D-46DE-ADD3-67763648CDB2}"
EndProject
Project("{2150E333-8FDC-42A3-9474-1A3956D46DE8}") = "tests", "tests", "{9EF69F80-BBF1-4EAB-BD1A-CE1258DC8ECE}"
EndProject
Project("{9A19103F-16F7-4668-BE54-9A1E7A4F7556}") = "Pargoon.Core.Tests", "tests\Pargoon.Core.Tests\Pargoon.Core.Tests.csproj", "{804CD82C-F3C2-407D-82CB-C6C236D36784}"
EndProject
Project("{9A19103F-16F7-4668-BE54-9A1E7A4F7556}") = "Pargoon.Serilog", "src\Pargoon.Serilog\Pargoon.Serilog.csproj", "{E3F5F9D0-FB6E-4360-A0F2-D6BA6C0621A7}"
EndProject
Project("{9A19103F-16F7-4668-BE54-9A1E7A4F7556}") = "Pargoon.Core.Logging", "src\Pargoon.Core.Logging\Pargoon.Core.Logging.csproj", "{8D3D15AA-0D29-4FA4-A79B-18CAEBF8222D}"
EndProject
Project("{9A19103F-16F7-4668-BE54-9A1E7A4F7556}") = "Pargoon.ApiVersioning", "src\Pargoon.ApiVersioning\Pargoon.ApiVersioning.csproj", "{D2E0A7EA-3084-4809-8EFD-3C0FA7EAC845}"
EndProject
Project("{2150E333-8FDC-42A3-9474-1A3956D46DE8}") = "src", "src", "{E613DDC7-B0FA-4BE9-892C-2AF0DD3794B4}"
EndProject
Project("{9A19103F-16F7-4668-BE54-9A1E7A4F7556}") = "Pargoon.Core", "src\Pargoon.Core\Pargoon.Core.csproj", "{197FDE23-E147-4680-ABC5-8FF96774F687}"
EndProject
Project("{2150E333-8FDC-42A3-9474-1A3956D46DE8}") = "samples", "samples", "{2A23E718-885E-4CDE-B9F2-9942A378E881}"
EndProject
Project("{9A19103F-16F7-4668-BE54-9A1E7A4F7556}") = "ApiVersioningUsingSample", "samples\ApiVersioningUsingSample\ApiVersioningUsingSample.csproj", "{55B7498D-FFA9-4095-9D7C-004C7D29FE87}"
EndProject
Project("{9A19103F-16F7-4668-BE54-9A1E7A4F7556}") = "Pargoon.Core.JWT", "src\Pargoon.Core.JWT\Pargoon.Core.JWT.csproj", "{51A96663-2912-44AC-8683-63D3DF61A0F4}"
EndProject
Project("{9A19103F-16F7-4668-BE54-9A1E7A4F7556}") = "Pargoon.Exceptions", "src\Pargoon.Exceptions\Pargoon.Exceptions.csproj", "{B6842F45-5054-4165-B9CA-64989960A52F}"
EndProject
Project("{FAE04EC0-301F-11D3-BF4B-00C04F79EFBC}") = "Pargoon.Extensions.Linq", "src\Pargoon.Extensions.Linq\Pargoon.Extensions.Linq.csproj", "{DA6E930B-3FD4-4421-8A7D-0CFED5050110}"
EndProject
Global
	GlobalSection(SolutionConfigurationPlatforms) = preSolution
		Debug|Any CPU = Debug|Any CPU
		Release|Any CPU = Release|Any CPU
	EndGlobalSection
	GlobalSection(ProjectConfigurationPlatforms) = postSolution
		{7CED43A1-BC4D-48BC-9D16-B00B33081199}.Debug|Any CPU.ActiveCfg = Debug|Any CPU
		{7CED43A1-BC4D-48BC-9D16-B00B33081199}.Debug|Any CPU.Build.0 = Debug|Any CPU
		{7CED43A1-BC4D-48BC-9D16-B00B33081199}.Release|Any CPU.ActiveCfg = Release|Any CPU
		{7CED43A1-BC4D-48BC-9D16-B00B33081199}.Release|Any CPU.Build.0 = Release|Any CPU
		{FE6F1CB4-F1D2-49D7-9F40-4AA496819D05}.Debug|Any CPU.ActiveCfg = Debug|Any CPU
		{FE6F1CB4-F1D2-49D7-9F40-4AA496819D05}.Debug|Any CPU.Build.0 = Debug|Any CPU
		{FE6F1CB4-F1D2-49D7-9F40-4AA496819D05}.Release|Any CPU.ActiveCfg = Release|Any CPU
		{FE6F1CB4-F1D2-49D7-9F40-4AA496819D05}.Release|Any CPU.Build.0 = Release|Any CPU
		{9C77ED2E-F6E6-450C-A342-432F0C39A338}.Debug|Any CPU.ActiveCfg = Debug|Any CPU
		{9C77ED2E-F6E6-450C-A342-432F0C39A338}.Debug|Any CPU.Build.0 = Debug|Any CPU
		{9C77ED2E-F6E6-450C-A342-432F0C39A338}.Release|Any CPU.ActiveCfg = Release|Any CPU
		{9C77ED2E-F6E6-450C-A342-432F0C39A338}.Release|Any CPU.Build.0 = Release|Any CPU
		{AA880CB9-8D5D-46DE-ADD3-67763648CDB2}.Debug|Any CPU.ActiveCfg = Debug|Any CPU
		{AA880CB9-8D5D-46DE-ADD3-67763648CDB2}.Debug|Any CPU.Build.0 = Debug|Any CPU
		{AA880CB9-8D5D-46DE-ADD3-67763648CDB2}.Release|Any CPU.ActiveCfg = Release|Any CPU
		{AA880CB9-8D5D-46DE-ADD3-67763648CDB2}.Release|Any CPU.Build.0 = Release|Any CPU
		{804CD82C-F3C2-407D-82CB-C6C236D36784}.Debug|Any CPU.ActiveCfg = Debug|Any CPU
		{804CD82C-F3C2-407D-82CB-C6C236D36784}.Debug|Any CPU.Build.0 = Debug|Any CPU
		{804CD82C-F3C2-407D-82CB-C6C236D36784}.Release|Any CPU.ActiveCfg = Release|Any CPU
		{804CD82C-F3C2-407D-82CB-C6C236D36784}.Release|Any CPU.Build.0 = Release|Any CPU
		{E3F5F9D0-FB6E-4360-A0F2-D6BA6C0621A7}.Debug|Any CPU.ActiveCfg = Debug|Any CPU
		{E3F5F9D0-FB6E-4360-A0F2-D6BA6C0621A7}.Debug|Any CPU.Build.0 = Debug|Any CPU
		{E3F5F9D0-FB6E-4360-A0F2-D6BA6C0621A7}.Release|Any CPU.ActiveCfg = Release|Any CPU
		{E3F5F9D0-FB6E-4360-A0F2-D6BA6C0621A7}.Release|Any CPU.Build.0 = Release|Any CPU
		{8D3D15AA-0D29-4FA4-A79B-18CAEBF8222D}.Debug|Any CPU.ActiveCfg = Debug|Any CPU
		{8D3D15AA-0D29-4FA4-A79B-18CAEBF8222D}.Debug|Any CPU.Build.0 = Debug|Any CPU
		{8D3D15AA-0D29-4FA4-A79B-18CAEBF8222D}.Release|Any CPU.ActiveCfg = Release|Any CPU
		{8D3D15AA-0D29-4FA4-A79B-18CAEBF8222D}.Release|Any CPU.Build.0 = Release|Any CPU
		{D2E0A7EA-3084-4809-8EFD-3C0FA7EAC845}.Debug|Any CPU.ActiveCfg = Debug|Any CPU
		{D2E0A7EA-3084-4809-8EFD-3C0FA7EAC845}.Debug|Any CPU.Build.0 = Debug|Any CPU
		{D2E0A7EA-3084-4809-8EFD-3C0FA7EAC845}.Release|Any CPU.ActiveCfg = Release|Any CPU
		{D2E0A7EA-3084-4809-8EFD-3C0FA7EAC845}.Release|Any CPU.Build.0 = Release|Any CPU
		{197FDE23-E147-4680-ABC5-8FF96774F687}.Debug|Any CPU.ActiveCfg = Debug|Any CPU
		{197FDE23-E147-4680-ABC5-8FF96774F687}.Debug|Any CPU.Build.0 = Debug|Any CPU
		{197FDE23-E147-4680-ABC5-8FF96774F687}.Release|Any CPU.ActiveCfg = Release|Any CPU
		{197FDE23-E147-4680-ABC5-8FF96774F687}.Release|Any CPU.Build.0 = Release|Any CPU
		{55B7498D-FFA9-4095-9D7C-004C7D29FE87}.Debug|Any CPU.ActiveCfg = Debug|Any CPU
		{55B7498D-FFA9-4095-9D7C-004C7D29FE87}.Debug|Any CPU.Build.0 = Debug|Any CPU
		{55B7498D-FFA9-4095-9D7C-004C7D29FE87}.Release|Any CPU.ActiveCfg = Release|Any CPU
		{55B7498D-FFA9-4095-9D7C-004C7D29FE87}.Release|Any CPU.Build.0 = Release|Any CPU
		{51A96663-2912-44AC-8683-63D3DF61A0F4}.Debug|Any CPU.ActiveCfg = Debug|Any CPU
		{51A96663-2912-44AC-8683-63D3DF61A0F4}.Debug|Any CPU.Build.0 = Debug|Any CPU
		{51A96663-2912-44AC-8683-63D3DF61A0F4}.Release|Any CPU.ActiveCfg = Release|Any CPU
		{51A96663-2912-44AC-8683-63D3DF61A0F4}.Release|Any CPU.Build.0 = Release|Any CPU
		{B6842F45-5054-4165-B9CA-64989960A52F}.Debug|Any CPU.ActiveCfg = Debug|Any CPU
		{B6842F45-5054-4165-B9CA-64989960A52F}.Debug|Any CPU.Build.0 = Debug|Any CPU
		{B6842F45-5054-4165-B9CA-64989960A52F}.Release|Any CPU.ActiveCfg = Release|Any CPU
		{B6842F45-5054-4165-B9CA-64989960A52F}.Release|Any CPU.Build.0 = Release|Any CPU
		{DA6E930B-3FD4-4421-8A7D-0CFED5050110}.Debug|Any CPU.ActiveCfg = Debug|Any CPU
		{DA6E930B-3FD4-4421-8A7D-0CFED5050110}.Debug|Any CPU.Build.0 = Debug|Any CPU
		{DA6E930B-3FD4-4421-8A7D-0CFED5050110}.Release|Any CPU.ActiveCfg = Release|Any CPU
		{DA6E930B-3FD4-4421-8A7D-0CFED5050110}.Release|Any CPU.Build.0 = Release|Any CPU
	EndGlobalSection
	GlobalSection(SolutionProperties) = preSolution
		HideSolutionNode = FALSE
	EndGlobalSection
	GlobalSection(NestedProjects) = preSolution
		{7CED43A1-BC4D-48BC-9D16-B00B33081199} = {E613DDC7-B0FA-4BE9-892C-2AF0DD3794B4}
		{FE6F1CB4-F1D2-49D7-9F40-4AA496819D05} = {E613DDC7-B0FA-4BE9-892C-2AF0DD3794B4}
		{9C77ED2E-F6E6-450C-A342-432F0C39A338} = {E613DDC7-B0FA-4BE9-892C-2AF0DD3794B4}
		{AA880CB9-8D5D-46DE-ADD3-67763648CDB2} = {E613DDC7-B0FA-4BE9-892C-2AF0DD3794B4}
		{804CD82C-F3C2-407D-82CB-C6C236D36784} = {9EF69F80-BBF1-4EAB-BD1A-CE1258DC8ECE}
		{E3F5F9D0-FB6E-4360-A0F2-D6BA6C0621A7} = {E613DDC7-B0FA-4BE9-892C-2AF0DD3794B4}
		{8D3D15AA-0D29-4FA4-A79B-18CAEBF8222D} = {E613DDC7-B0FA-4BE9-892C-2AF0DD3794B4}
		{D2E0A7EA-3084-4809-8EFD-3C0FA7EAC845} = {E613DDC7-B0FA-4BE9-892C-2AF0DD3794B4}
		{197FDE23-E147-4680-ABC5-8FF96774F687} = {E613DDC7-B0FA-4BE9-892C-2AF0DD3794B4}
		{55B7498D-FFA9-4095-9D7C-004C7D29FE87} = {2A23E718-885E-4CDE-B9F2-9942A378E881}
		{51A96663-2912-44AC-8683-63D3DF61A0F4} = {E613DDC7-B0FA-4BE9-892C-2AF0DD3794B4}
		{B6842F45-5054-4165-B9CA-64989960A52F} = {E613DDC7-B0FA-4BE9-892C-2AF0DD3794B4}
		{DA6E930B-3FD4-4421-8A7D-0CFED5050110} = {E613DDC7-B0FA-4BE9-892C-2AF0DD3794B4}
	EndGlobalSection
	GlobalSection(ExtensibilityGlobals) = postSolution
		SolutionGuid = {BC1B900D-CD4E-4AC4-9D11-27C767563AD7}
	EndGlobalSection
EndGlobal
